
Microsoft Visual Studio Solution File, Format Version 12.00
# Visual Studio 15
VisualStudioVersion = 15.0.28307.168
MinimumVisualStudioVersion = 10.0.40219.1
Project("{FAE04EC0-301F-11D3-BF4B-00C04F79EFBC}") = "Opgave1", "Opgave1\Opgave1.csproj", "{C84ADF9F-D8F5-4332-8FEF-AD49D83445F2}"
EndProject
Project("{FAE04EC0-301F-11D3-BF4B-00C04F79EFBC}") = "Regnemaskine", "Regnemaskine\Regnemaskine.csproj", "{50CDE05F-0903-46BC-A159-27142891E34A}"
EndProject
Project("{FAE04EC0-301F-11D3-BF4B-00C04F79EFBC}") = "Variabler2", "Variabler2\Variabler2.csproj", "{F9067AFE-7F1C-44FA-B08B-CFFEDB1ADDF3}"
EndProject
Project("{FAE04EC0-301F-11D3-BF4B-00C04F79EFBC}") = "Variabler2 STRING", "Variabler2 STRING\Variabler2 STRING.csproj", "{8F3AF264-2577-443D-8896-ABF88A78D4AF}"
EndProject
Project("{FAE04EC0-301F-11D3-BF4B-00C04F79EFBC}") = "Struct og Enum", "Struct og Enum\Struct og Enum.csproj", "{8CF5AB78-6E3D-4F52-B0F2-2200A733F038}"
EndProject
Project("{9A19103F-16F7-4668-BE54-9A1E7A4F7556}") = "Metode", "Metode\Metode.csproj", "{4C8924C1-8CA1-470B-8BA8-107EFE0639AF}"
EndProject
Project("{FAE04EC0-301F-11D3-BF4B-00C04F79EFBC}") = "Metoder_Statisk", "Metoder_Statisk\Metoder_Statisk.csproj", "{F7C77F4E-1267-45C2-9B54-17B7B5E574D4}"
EndProject
Project("{FAE04EC0-301F-11D3-BF4B-00C04F79EFBC}") = "Fejlhåndtering", "Fejlhåndtering\Fejlhåndtering.csproj", "{2A801EAF-6772-49BF-93DF-7F380B5A0B3B}"
EndProject
Project("{FAE04EC0-301F-11D3-BF4B-00C04F79EFBC}") = "Stack og Heap", "Stack og Heap\Stack og Heap.csproj", "{E42A8954-C288-412D-AAA8-A70D3A6F214C}"
EndProject
Project("{FAE04EC0-301F-11D3-BF4B-00C04F79EFBC}") = "Klasser _ Simpel", "Klasser _ Simpel\Klasser _ Simpel.csproj", "{04255C0D-F943-4BD4-AB92-D2955E370F4C}"
EndProject
Project("{FAE04EC0-301F-11D3-BF4B-00C04F79EFBC}") = "Klasser _ Statisk", "Klasser _ Statisk\Klasser _ Statisk.csproj", "{896855E0-6412-4D0B-AA61-E9B035E60E05}"
EndProject
Project("{FAE04EC0-301F-11D3-BF4B-00C04F79EFBC}") = "Egenskaber Fuld", "Egenskaber Fuld\Egenskaber Fuld.csproj", "{D6B0BAA7-E4AA-4C9D-84DC-19DF33BDE6AA}"
EndProject
Project("{FAE04EC0-301F-11D3-BF4B-00C04F79EFBC}") = "Egenskaber Automatisk", "Egenskaber Automatisk\Egenskaber Automatisk.csproj", "{1E6F5210-3676-476B-96C6-6C503BD9CA42}"
EndProject
Project("{FAE04EC0-301F-11D3-BF4B-00C04F79EFBC}") = "Egenskaber Terning", "Egenskaber Terning\Egenskaber Terning.csproj", "{E37D351D-FDE9-4126-8EE6-0C9E9FB57D9F}"
EndProject
Project("{FAE04EC0-301F-11D3-BF4B-00C04F79EFBC}") = "Array Simpel", "Array Simpel\Array Simpel.csproj", "{CFA0B98A-D89D-49C8-ADC3-4950817CABD6}"
EndProject
Project("{FAE04EC0-301F-11D3-BF4B-00C04F79EFBC}") = "Array Split", "Aeeay Split\Array Split.csproj", "{A66D6DA4-DFDF-4A97-9171-10B87CAC50D2}"
EndProject
Project("{FAE04EC0-301F-11D3-BF4B-00C04F79EFBC}") = "test prog KAN SLETTES", "test prog KAN SLETTES\test prog KAN SLETTES.csproj", "{3858A4BE-476A-4E5E-B029-42800D78EB35}"
EndProject
Project("{FAE04EC0-301F-11D3-BF4B-00C04F79EFBC}") = "Struct", "Struct\Struct.csproj", "{4FB0A5EC-5E23-47B0-8238-E30459FD9266}"
EndProject
Global
	GlobalSection(SolutionConfigurationPlatforms) = preSolution
		Debug|Any CPU = Debug|Any CPU
		Release|Any CPU = Release|Any CPU
	EndGlobalSection
	GlobalSection(ProjectConfigurationPlatforms) = postSolution
		{C84ADF9F-D8F5-4332-8FEF-AD49D83445F2}.Debug|Any CPU.ActiveCfg = Debug|Any CPU
		{C84ADF9F-D8F5-4332-8FEF-AD49D83445F2}.Debug|Any CPU.Build.0 = Debug|Any CPU
		{C84ADF9F-D8F5-4332-8FEF-AD49D83445F2}.Release|Any CPU.ActiveCfg = Release|Any CPU
		{C84ADF9F-D8F5-4332-8FEF-AD49D83445F2}.Release|Any CPU.Build.0 = Release|Any CPU
		{50CDE05F-0903-46BC-A159-27142891E34A}.Debug|Any CPU.ActiveCfg = Debug|Any CPU
		{50CDE05F-0903-46BC-A159-27142891E34A}.Debug|Any CPU.Build.0 = Debug|Any CPU
		{50CDE05F-0903-46BC-A159-27142891E34A}.Release|Any CPU.ActiveCfg = Release|Any CPU
		{50CDE05F-0903-46BC-A159-27142891E34A}.Release|Any CPU.Build.0 = Release|Any CPU
		{F9067AFE-7F1C-44FA-B08B-CFFEDB1ADDF3}.Debug|Any CPU.ActiveCfg = Debug|Any CPU
		{F9067AFE-7F1C-44FA-B08B-CFFEDB1ADDF3}.Debug|Any CPU.Build.0 = Debug|Any CPU
		{F9067AFE-7F1C-44FA-B08B-CFFEDB1ADDF3}.Release|Any CPU.ActiveCfg = Release|Any CPU
		{F9067AFE-7F1C-44FA-B08B-CFFEDB1ADDF3}.Release|Any CPU.Build.0 = Release|Any CPU
		{8F3AF264-2577-443D-8896-ABF88A78D4AF}.Debug|Any CPU.ActiveCfg = Debug|Any CPU
		{8F3AF264-2577-443D-8896-ABF88A78D4AF}.Debug|Any CPU.Build.0 = Debug|Any CPU
		{8F3AF264-2577-443D-8896-ABF88A78D4AF}.Release|Any CPU.ActiveCfg = Release|Any CPU
		{8F3AF264-2577-443D-8896-ABF88A78D4AF}.Release|Any CPU.Build.0 = Release|Any CPU
		{8CF5AB78-6E3D-4F52-B0F2-2200A733F038}.Debug|Any CPU.ActiveCfg = Debug|Any CPU
		{8CF5AB78-6E3D-4F52-B0F2-2200A733F038}.Debug|Any CPU.Build.0 = Debug|Any CPU
		{8CF5AB78-6E3D-4F52-B0F2-2200A733F038}.Release|Any CPU.ActiveCfg = Release|Any CPU
		{8CF5AB78-6E3D-4F52-B0F2-2200A733F038}.Release|Any CPU.Build.0 = Release|Any CPU
		{4C8924C1-8CA1-470B-8BA8-107EFE0639AF}.Debug|Any CPU.ActiveCfg = Debug|Any CPU
		{4C8924C1-8CA1-470B-8BA8-107EFE0639AF}.Debug|Any CPU.Build.0 = Debug|Any CPU
		{4C8924C1-8CA1-470B-8BA8-107EFE0639AF}.Release|Any CPU.ActiveCfg = Release|Any CPU
		{4C8924C1-8CA1-470B-8BA8-107EFE0639AF}.Release|Any CPU.Build.0 = Release|Any CPU
		{F7C77F4E-1267-45C2-9B54-17B7B5E574D4}.Debug|Any CPU.ActiveCfg = Debug|Any CPU
		{F7C77F4E-1267-45C2-9B54-17B7B5E574D4}.Debug|Any CPU.Build.0 = Debug|Any CPU
		{F7C77F4E-1267-45C2-9B54-17B7B5E574D4}.Release|Any CPU.ActiveCfg = Release|Any CPU
		{F7C77F4E-1267-45C2-9B54-17B7B5E574D4}.Release|Any CPU.Build.0 = Release|Any CPU
		{2A801EAF-6772-49BF-93DF-7F380B5A0B3B}.Debug|Any CPU.ActiveCfg = Debug|Any CPU
		{2A801EAF-6772-49BF-93DF-7F380B5A0B3B}.Debug|Any CPU.Build.0 = Debug|Any CPU
		{2A801EAF-6772-49BF-93DF-7F380B5A0B3B}.Release|Any CPU.ActiveCfg = Release|Any CPU
		{2A801EAF-6772-49BF-93DF-7F380B5A0B3B}.Release|Any CPU.Build.0 = Release|Any CPU
		{E42A8954-C288-412D-AAA8-A70D3A6F214C}.Debug|Any CPU.ActiveCfg = Debug|Any CPU
		{E42A8954-C288-412D-AAA8-A70D3A6F214C}.Debug|Any CPU.Build.0 = Debug|Any CPU
		{E42A8954-C288-412D-AAA8-A70D3A6F214C}.Release|Any CPU.ActiveCfg = Release|Any CPU
		{E42A8954-C288-412D-AAA8-A70D3A6F214C}.Release|Any CPU.Build.0 = Release|Any CPU
		{04255C0D-F943-4BD4-AB92-D2955E370F4C}.Debug|Any CPU.ActiveCfg = Debug|Any CPU
		{04255C0D-F943-4BD4-AB92-D2955E370F4C}.Debug|Any CPU.Build.0 = Debug|Any CPU
		{04255C0D-F943-4BD4-AB92-D2955E370F4C}.Release|Any CPU.ActiveCfg = Release|Any CPU
		{04255C0D-F943-4BD4-AB92-D2955E370F4C}.Release|Any CPU.Build.0 = Release|Any CPU
		{896855E0-6412-4D0B-AA61-E9B035E60E05}.Debug|Any CPU.ActiveCfg = Debug|Any CPU
		{896855E0-6412-4D0B-AA61-E9B035E60E05}.Debug|Any CPU.Build.0 = Debug|Any CPU
		{896855E0-6412-4D0B-AA61-E9B035E60E05}.Release|Any CPU.ActiveCfg = Release|Any CPU
		{896855E0-6412-4D0B-AA61-E9B035E60E05}.Release|Any CPU.Build.0 = Release|Any CPU
		{D6B0BAA7-E4AA-4C9D-84DC-19DF33BDE6AA}.Debug|Any CPU.ActiveCfg = Debug|Any CPU
		{D6B0BAA7-E4AA-4C9D-84DC-19DF33BDE6AA}.Debug|Any CPU.Build.0 = Debug|Any CPU
		{D6B0BAA7-E4AA-4C9D-84DC-19DF33BDE6AA}.Release|Any CPU.ActiveCfg = Release|Any CPU
		{D6B0BAA7-E4AA-4C9D-84DC-19DF33BDE6AA}.Release|Any CPU.Build.0 = Release|Any CPU
		{1E6F5210-3676-476B-96C6-6C503BD9CA42}.Debug|Any CPU.ActiveCfg = Debug|Any CPU
		{1E6F5210-3676-476B-96C6-6C503BD9CA42}.Debug|Any CPU.Build.0 = Debug|Any CPU
		{1E6F5210-3676-476B-96C6-6C503BD9CA42}.Release|Any CPU.ActiveCfg = Release|Any CPU
		{1E6F5210-3676-476B-96C6-6C503BD9CA42}.Release|Any CPU.Build.0 = Release|Any CPU
		{E37D351D-FDE9-4126-8EE6-0C9E9FB57D9F}.Debug|Any CPU.ActiveCfg = Debug|Any CPU
		{E37D351D-FDE9-4126-8EE6-0C9E9FB57D9F}.Debug|Any CPU.Build.0 = Debug|Any CPU
		{E37D351D-FDE9-4126-8EE6-0C9E9FB57D9F}.Release|Any CPU.ActiveCfg = Release|Any CPU
		{E37D351D-FDE9-4126-8EE6-0C9E9FB57D9F}.Release|Any CPU.Build.0 = Release|Any CPU
		{CFA0B98A-D89D-49C8-ADC3-4950817CABD6}.Debug|Any CPU.ActiveCfg = Debug|Any CPU
		{CFA0B98A-D89D-49C8-ADC3-4950817CABD6}.Debug|Any CPU.Build.0 = Debug|Any CPU
		{CFA0B98A-D89D-49C8-ADC3-4950817CABD6}.Release|Any CPU.ActiveCfg = Release|Any CPU
		{CFA0B98A-D89D-49C8-ADC3-4950817CABD6}.Release|Any CPU.Build.0 = Release|Any CPU
		{A66D6DA4-DFDF-4A97-9171-10B87CAC50D2}.Debug|Any CPU.ActiveCfg = Debug|Any CPU
		{A66D6DA4-DFDF-4A97-9171-10B87CAC50D2}.Debug|Any CPU.Build.0 = Debug|Any CPU
		{A66D6DA4-DFDF-4A97-9171-10B87CAC50D2}.Release|Any CPU.ActiveCfg = Release|Any CPU
		{A66D6DA4-DFDF-4A97-9171-10B87CAC50D2}.Release|Any CPU.Build.0 = Release|Any CPU
		{3858A4BE-476A-4E5E-B029-42800D78EB35}.Debug|Any CPU.ActiveCfg = Debug|Any CPU
		{3858A4BE-476A-4E5E-B029-42800D78EB35}.Debug|Any CPU.Build.0 = Debug|Any CPU
		{3858A4BE-476A-4E5E-B029-42800D78EB35}.Release|Any CPU.ActiveCfg = Release|Any CPU
		{3858A4BE-476A-4E5E-B029-42800D78EB35}.Release|Any CPU.Build.0 = Release|Any CPU
		{4FB0A5EC-5E23-47B0-8238-E30459FD9266}.Debug|Any CPU.ActiveCfg = Debug|Any CPU
		{4FB0A5EC-5E23-47B0-8238-E30459FD9266}.Debug|Any CPU.Build.0 = Debug|Any CPU
		{4FB0A5EC-5E23-47B0-8238-E30459FD9266}.Release|Any CPU.ActiveCfg = Release|Any CPU
		{4FB0A5EC-5E23-47B0-8238-E30459FD9266}.Release|Any CPU.Build.0 = Release|Any CPU
	EndGlobalSection
	GlobalSection(SolutionProperties) = preSolution
		HideSolutionNode = FALSE
	EndGlobalSection
	GlobalSection(ExtensibilityGlobals) = postSolution
		SolutionGuid = {665EECE9-5002-4A09-A6E7-544635E2FE5A}
	EndGlobalSection
EndGlobal
